
Microsoft Visual Studio Solution File, Format Version 12.00
# Visual Studio Version 17
VisualStudioVersion = 17.6.33829.357
MinimumVisualStudioVersion = 10.0.40219.1
Project("{FAE04EC0-301F-11D3-BF4B-00C04F79EFBC}") = "WebAppIdentity", "WebAppIdentity\WebAppIdentity.csproj", "{D1E948DA-E117-4CC5-A0C5-99CD758CC1F9}"
EndProject
Global
	GlobalSection(SolutionConfigurationPlatforms) = preSolution
		Debug|Any CPU = Debug|Any CPU
		Release|Any CPU = Release|Any CPU
	EndGlobalSection
	GlobalSection(ProjectConfigurationPlatforms) = postSolution
		{D1E948DA-E117-4CC5-A0C5-99CD758CC1F9}.Debug|Any CPU.ActiveCfg = Debug|Any CPU
		{D1E948DA-E117-4CC5-A0C5-99CD758CC1F9}.Debug|Any CPU.Build.0 = Debug|Any CPU
		{D1E948DA-E117-4CC5-A0C5-99CD758CC1F9}.Release|Any CPU.ActiveCfg = Release|Any CPU
		{D1E948DA-E117-4CC5-A0C5-99CD758CC1F9}.Release|Any CPU.Build.0 = Release|Any CPU
	EndGlobalSection
	GlobalSection(SolutionProperties) = preSolution
		HideSolutionNode = FALSE
	EndGlobalSection
	GlobalSection(ExtensibilityGlobals) = postSolution
		SolutionGuid = {439B8B94-D754-4C01-823D-DCC9FAC2A5C3}
	EndGlobalSection
EndGlobal
